
Microsoft Visual Studio Solution File, Format Version 12.00
# Visual Studio Version 16
VisualStudioVersion = 16.0.30413.136
MinimumVisualStudioVersion = 10.0.40219.1
Project("{FAE04EC0-301F-11D3-BF4B-00C04F79EFBC}") = "SecureClient", "SecureClient\SecureClient.csproj", "{7C8F6F8C-726D-459A-B9ED-8FD74242513B}"
EndProject
Global
	GlobalSection(SolutionConfigurationPlatforms) = preSolution
		Debug|Any CPU = Debug|Any CPU
		Release|Any CPU = Release|Any CPU
	EndGlobalSection
	GlobalSection(ProjectConfigurationPlatforms) = postSolution
		{7C8F6F8C-726D-459A-B9ED-8FD74242513B}.Debug|Any CPU.ActiveCfg = Debug|Any CPU
		{7C8F6F8C-726D-459A-B9ED-8FD74242513B}.Debug|Any CPU.Build.0 = Debug|Any CPU
		{7C8F6F8C-726D-459A-B9ED-8FD74242513B}.Release|Any CPU.ActiveCfg = Release|Any CPU
		{7C8F6F8C-726D-459A-B9ED-8FD74242513B}.Release|Any CPU.Build.0 = Release|Any CPU
	EndGlobalSection
	GlobalSection(SolutionProperties) = preSolution
		HideSolutionNode = FALSE
	EndGlobalSection
	GlobalSection(ExtensibilityGlobals) = postSolution
		SolutionGuid = {1FA01BD5-4785-4BA7-B1D1-87EC6F18AA2D}
	EndGlobalSection
EndGlobal
